
Microsoft Visual Studio Solution File, Format Version 12.00
# Visual Studio Version 17
VisualStudioVersion = 17.12.35527.113 d17.12
MinimumVisualStudioVersion = 10.0.40219.1
Project("{E24C65DC-7377-472B-9ABA-BC803B73C61A}") = "WebnetTechnologies(2)", "F:\Google-Drive\New crmwebnet Product\WebnetTechnologies (4)\WebnetTechnologies\", "{E2793FC8-DBC2-4D99-899D-7B09C8D108CD}"
	ProjectSection(WebsiteProperties) = preProject
		TargetFrameworkMoniker = ".NETFramework,Version%3Dv4.7.2"
		Debug.AspNetCompiler.VirtualPath = "/localhost_54972"
		Debug.AspNetCompiler.PhysicalPath = "F:\Google-Drive\New crmwebnet Product\WebnetTechnologies (4)\WebnetTechnologies\"
		Debug.AspNetCompiler.TargetPath = "PrecompiledWeb\localhost_54972\"
		Debug.AspNetCompiler.Updateable = "true"
		Debug.AspNetCompiler.ForceOverwrite = "true"
		Debug.AspNetCompiler.FixedNames = "false"
		Debug.AspNetCompiler.Debug = "True"
		Release.AspNetCompiler.VirtualPath = "/localhost_54972"
		Release.AspNetCompiler.PhysicalPath = "F:\Google-Drive\New crmwebnet Product\WebnetTechnologies (4)\WebnetTechnologies\"
		Release.AspNetCompiler.TargetPath = "PrecompiledWeb\localhost_54972\"
		Release.AspNetCompiler.Updateable = "true"
		Release.AspNetCompiler.ForceOverwrite = "true"
		Release.AspNetCompiler.FixedNames = "false"
		Release.AspNetCompiler.Debug = "False"
		VWDPort = "54972"
	EndProjectSection
EndProject
Global
	GlobalSection(SolutionConfigurationPlatforms) = preSolution
		Debug|Any CPU = Debug|Any CPU
	EndGlobalSection
	GlobalSection(ProjectConfigurationPlatforms) = postSolution
		{E2793FC8-DBC2-4D99-899D-7B09C8D108CD}.Debug|Any CPU.ActiveCfg = Debug|Any CPU
		{E2793FC8-DBC2-4D99-899D-7B09C8D108CD}.Debug|Any CPU.Build.0 = Debug|Any CPU
	EndGlobalSection
	GlobalSection(SolutionProperties) = preSolution
		HideSolutionNode = FALSE
	EndGlobalSection
EndGlobal
